
Microsoft Visual Studio Solution File, Format Version 12.00
# Visual Studio Version 16
VisualStudioVersion = 16.0.29709.97
MinimumVisualStudioVersion = 10.0.40219.1
Project("{9A19103F-16F7-4668-BE54-9A1E7A4F7556}") = "Lekce", "1Program\Lekce.csproj", "{470406F3-AD94-4DD0-9AC4-F8F45237C908}"
EndProject
Project("{9A19103F-16F7-4668-BE54-9A1E7A4F7556}") = "Kalkulacka", "Kalkulacka\Kalkulacka.csproj", "{DF5F1C40-7784-4BEC-931B-56BA1025C675}"
EndProject
Project("{9A19103F-16F7-4668-BE54-9A1E7A4F7556}") = "Cviceni1", "Cviceni1\Cviceni1.csproj", "{581E7871-3DCF-4AE7-93EE-DE042E491B30}"
EndProject
Project("{9A19103F-16F7-4668-BE54-9A1E7A4F7556}") = "Cviceni2", "Cviceni2\Cviceni2.csproj", "{9113DF97-7D62-44D7-BC98-CFE99E0417A5}"
EndProject
Project("{9A19103F-16F7-4668-BE54-9A1E7A4F7556}") = "Test", "Test\Test.csproj", "{CB3E3373-A9B8-43F1-AAC9-E7E8FFC269CC}"
EndProject
Project("{9A19103F-16F7-4668-BE54-9A1E7A4F7556}") = "Cviceni3", "Cviceni3\Cviceni3.csproj", "{442FC7D7-DCFB-4D42-983D-3C0E1856BE07}"
EndProject
Project("{9A19103F-16F7-4668-BE54-9A1E7A4F7556}") = "Cviceni4", "Cviceni4\Cviceni4.csproj", "{3646DD1E-D3AF-41FD-A5C7-0B5E8FD17B8C}"
EndProject
Project("{9A19103F-16F7-4668-BE54-9A1E7A4F7556}") = "Cviceni5", "Cviceni5\Cviceni5.csproj", "{6651E644-688C-429B-A84A-76112C87A0A8}"
EndProject
Project("{9A19103F-16F7-4668-BE54-9A1E7A4F7556}") = "Cviceni6", "Cviceni6\Cviceni6.csproj", "{D25F1D8B-7434-42C8-9A75-9AEA3439D9CE}"
EndProject
Project("{9A19103F-16F7-4668-BE54-9A1E7A4F7556}") = "Cviceni7", "Cviceni7\Cviceni7.csproj", "{45260FF9-6269-4997-94E9-7C8F0EB7BE16}"
EndProject
Project("{9A19103F-16F7-4668-BE54-9A1E7A4F7556}") = "Test2", "Test2\Test2.csproj", "{FD7DB26E-27B9-4F23-8DED-654C40CC9580}"
EndProject
Project("{9A19103F-16F7-4668-BE54-9A1E7A4F7556}") = "Cviceni8", "Cviceni8\Cviceni8.csproj", "{96F5A0E9-EF84-4F03-84E8-55A8D45EA382}"
EndProject
Project("{9A19103F-16F7-4668-BE54-9A1E7A4F7556}") = "Cviceni9", "Cviceni9\Cviceni9.csproj", "{22F25238-5C25-4991-9AB7-B99CC077C48C}"
EndProject
Project("{9A19103F-16F7-4668-BE54-9A1E7A4F7556}") = "Cviceni10", "Cviceni10\Cviceni10.csproj", "{2AD7C1CA-7951-4330-9A16-6904E01BF94F}"
EndProject
Project("{9A19103F-16F7-4668-BE54-9A1E7A4F7556}") = "Test3", "Test3\Test3.csproj", "{ACE169A2-BD9C-4941-AF03-9AD3530CB12B}"
EndProject
Project("{FAE04EC0-301F-11D3-BF4B-00C04F79EFBC}") = "SheevPalpatineNEW", "SheevPalpatineNEW\SheevPalpatineNEW.csproj", "{2B55911D-5BC2-462C-88FB-01B06FCB4714}"
EndProject
Project("{FAE04EC0-301F-11D3-BF4B-00C04F79EFBC}") = "Test4", "Test4\Test4.csproj", "{00978D02-14DB-40ED-B176-44C182167196}"
EndProject
Project("{FAE04EC0-301F-11D3-BF4B-00C04F79EFBC}") = "BetterKalkulacka", "Test5\BetterKalkulacka.csproj", "{4189FA0C-5170-47F2-A29B-329D2D5E153B}"
EndProject
Project("{FAE04EC0-301F-11D3-BF4B-00C04F79EFBC}") = "GuessGame", "GuessGame\GuessGame.csproj", "{08DDE327-B907-46D7-952E-4D744A8CCEB4}"
EndProject
Project("{FAE04EC0-301F-11D3-BF4B-00C04F79EFBC}") = "Chefs", "Chefs\Chefs.csproj", "{95917BE0-1EE7-4057-BD15-42B809407F27}"
EndProject
Project("{FAE04EC0-301F-11D3-BF4B-00C04F79EFBC}") = "Students", "Students\Students.csproj", "{A8119F7F-E39B-42F3-ADD2-546D12BB803C}"
EndProject
Project("{FAE04EC0-301F-11D3-BF4B-00C04F79EFBC}") = "FortniteBait", "FortniteBait\FortniteBait.csproj", "{75077B42-7B47-4AEC-92FD-802BB2864E79}"
EndProject
Project("{FAE04EC0-301F-11D3-BF4B-00C04F79EFBC}") = "Windows95KeyCrack", "Windows95KeyCrack\Windows95KeyCrack.csproj", "{3B1E9F92-50F4-4E1B-A9BD-FDCC1A594622}"
EndProject
Project("{FAE04EC0-301F-11D3-BF4B-00C04F79EFBC}") = "Cracker", "Cracker\Cracker.csproj", "{375375C5-6D89-4CCA-A37E-34157C1C45E2}"
EndProject
Project("{FAE04EC0-301F-11D3-BF4B-00C04F79EFBC}") = "Cviceni11", "Cviceni11\Cviceni11.csproj", "{FC9E6AA0-7B5B-4FA1-93E3-9E414F85982E}"
EndProject
Project("{FAE04EC0-301F-11D3-BF4B-00C04F79EFBC}") = "Cviceni12", "Cviceni12\Cviceni12.csproj", "{2222569B-2AAD-4EDF-94D4-D5C9095DE8E8}"
EndProject
Project("{FAE04EC0-301F-11D3-BF4B-00C04F79EFBC}") = "Cviceni13", "Cviceni13\Cviceni13.csproj", "{06235947-74B9-4991-BEDD-19D5E29C57FA}"
EndProject
Project("{FAE04EC0-301F-11D3-BF4B-00C04F79EFBC}") = "Cviceni14", "Cviceni14\Cviceni14.csproj", "{AD666F80-76F2-4237-82C1-105C343D1E42}"
EndProject
Project("{FAE04EC0-301F-11D3-BF4B-00C04F79EFBC}") = "Cviceni15", "Cviceni15\Cviceni15.csproj", "{50417D35-8E6A-4D85-A4B0-068CE2FF3180}"
EndProject
Project("{FAE04EC0-301F-11D3-BF4B-00C04F79EFBC}") = "Cviceni16", "Cviceni16\Cviceni16.csproj", "{EE58C227-FD91-4244-96A1-481E7869D135}"
EndProject
Project("{FAE04EC0-301F-11D3-BF4B-00C04F79EFBC}") = "Cviceni17", "Cviceni17\Cviceni17.csproj", "{6D0D9AF3-BDC0-4688-8DC8-B6CC88F4861F}"
EndProject
Project("{FAE04EC0-301F-11D3-BF4B-00C04F79EFBC}") = "Cviceni18", "Cviceni18\Cviceni18.csproj", "{E0EFA14D-6443-4086-ACBB-2B85649566DA}"
EndProject
Project("{FAE04EC0-301F-11D3-BF4B-00C04F79EFBC}") = "Cviceni19", "Cviceni19\Cviceni19.csproj", "{FA4B5B8B-37CB-46B1-BC6D-33ECBEAC394C}"
EndProject
Project("{FAE04EC0-301F-11D3-BF4B-00C04F79EFBC}") = "Cviceni20", "Cviceni20\Cviceni20.csproj", "{59D61159-F527-4BD5-801F-B46F18A8FA06}"
EndProject
Project("{FAE04EC0-301F-11D3-BF4B-00C04F79EFBC}") = "Animals", "Animals\Animals.csproj", "{E90C18C9-15C3-4C66-80A8-AC48375A9415}"
EndProject
Project("{FAE04EC0-301F-11D3-BF4B-00C04F79EFBC}") = "BetterKalkulacka 2.0", "BetterKalkulacka 2.0\BetterKalkulacka 2.0.csproj", "{1CA1415E-BF01-4F40-91B3-A041BE681ECB}"
EndProject
Global
	GlobalSection(SolutionConfigurationPlatforms) = preSolution
		Debug|Any CPU = Debug|Any CPU
		Release|Any CPU = Release|Any CPU
	EndGlobalSection
	GlobalSection(ProjectConfigurationPlatforms) = postSolution
		{470406F3-AD94-4DD0-9AC4-F8F45237C908}.Debug|Any CPU.ActiveCfg = Debug|Any CPU
		{470406F3-AD94-4DD0-9AC4-F8F45237C908}.Debug|Any CPU.Build.0 = Debug|Any CPU
		{470406F3-AD94-4DD0-9AC4-F8F45237C908}.Release|Any CPU.ActiveCfg = Release|Any CPU
		{470406F3-AD94-4DD0-9AC4-F8F45237C908}.Release|Any CPU.Build.0 = Release|Any CPU
		{DF5F1C40-7784-4BEC-931B-56BA1025C675}.Debug|Any CPU.ActiveCfg = Debug|Any CPU
		{DF5F1C40-7784-4BEC-931B-56BA1025C675}.Debug|Any CPU.Build.0 = Debug|Any CPU
		{DF5F1C40-7784-4BEC-931B-56BA1025C675}.Release|Any CPU.ActiveCfg = Release|Any CPU
		{DF5F1C40-7784-4BEC-931B-56BA1025C675}.Release|Any CPU.Build.0 = Release|Any CPU
		{581E7871-3DCF-4AE7-93EE-DE042E491B30}.Debug|Any CPU.ActiveCfg = Debug|Any CPU
		{581E7871-3DCF-4AE7-93EE-DE042E491B30}.Debug|Any CPU.Build.0 = Debug|Any CPU
		{581E7871-3DCF-4AE7-93EE-DE042E491B30}.Release|Any CPU.ActiveCfg = Release|Any CPU
		{581E7871-3DCF-4AE7-93EE-DE042E491B30}.Release|Any CPU.Build.0 = Release|Any CPU
		{9113DF97-7D62-44D7-BC98-CFE99E0417A5}.Debug|Any CPU.ActiveCfg = Debug|Any CPU
		{9113DF97-7D62-44D7-BC98-CFE99E0417A5}.Debug|Any CPU.Build.0 = Debug|Any CPU
		{9113DF97-7D62-44D7-BC98-CFE99E0417A5}.Release|Any CPU.ActiveCfg = Release|Any CPU
		{9113DF97-7D62-44D7-BC98-CFE99E0417A5}.Release|Any CPU.Build.0 = Release|Any CPU
		{CB3E3373-A9B8-43F1-AAC9-E7E8FFC269CC}.Debug|Any CPU.ActiveCfg = Debug|Any CPU
		{CB3E3373-A9B8-43F1-AAC9-E7E8FFC269CC}.Debug|Any CPU.Build.0 = Debug|Any CPU
		{CB3E3373-A9B8-43F1-AAC9-E7E8FFC269CC}.Release|Any CPU.ActiveCfg = Release|Any CPU
		{CB3E3373-A9B8-43F1-AAC9-E7E8FFC269CC}.Release|Any CPU.Build.0 = Release|Any CPU
		{442FC7D7-DCFB-4D42-983D-3C0E1856BE07}.Debug|Any CPU.ActiveCfg = Debug|Any CPU
		{442FC7D7-DCFB-4D42-983D-3C0E1856BE07}.Debug|Any CPU.Build.0 = Debug|Any CPU
		{442FC7D7-DCFB-4D42-983D-3C0E1856BE07}.Release|Any CPU.ActiveCfg = Release|Any CPU
		{442FC7D7-DCFB-4D42-983D-3C0E1856BE07}.Release|Any CPU.Build.0 = Release|Any CPU
		{3646DD1E-D3AF-41FD-A5C7-0B5E8FD17B8C}.Debug|Any CPU.ActiveCfg = Debug|Any CPU
		{3646DD1E-D3AF-41FD-A5C7-0B5E8FD17B8C}.Debug|Any CPU.Build.0 = Debug|Any CPU
		{3646DD1E-D3AF-41FD-A5C7-0B5E8FD17B8C}.Release|Any CPU.ActiveCfg = Release|Any CPU
		{3646DD1E-D3AF-41FD-A5C7-0B5E8FD17B8C}.Release|Any CPU.Build.0 = Release|Any CPU
		{6651E644-688C-429B-A84A-76112C87A0A8}.Debug|Any CPU.ActiveCfg = Debug|Any CPU
		{6651E644-688C-429B-A84A-76112C87A0A8}.Debug|Any CPU.Build.0 = Debug|Any CPU
		{6651E644-688C-429B-A84A-76112C87A0A8}.Release|Any CPU.ActiveCfg = Release|Any CPU
		{6651E644-688C-429B-A84A-76112C87A0A8}.Release|Any CPU.Build.0 = Release|Any CPU
		{D25F1D8B-7434-42C8-9A75-9AEA3439D9CE}.Debug|Any CPU.ActiveCfg = Debug|Any CPU
		{D25F1D8B-7434-42C8-9A75-9AEA3439D9CE}.Debug|Any CPU.Build.0 = Debug|Any CPU
		{D25F1D8B-7434-42C8-9A75-9AEA3439D9CE}.Release|Any CPU.ActiveCfg = Release|Any CPU
		{D25F1D8B-7434-42C8-9A75-9AEA3439D9CE}.Release|Any CPU.Build.0 = Release|Any CPU
		{45260FF9-6269-4997-94E9-7C8F0EB7BE16}.Debug|Any CPU.ActiveCfg = Debug|Any CPU
		{45260FF9-6269-4997-94E9-7C8F0EB7BE16}.Debug|Any CPU.Build.0 = Debug|Any CPU
		{45260FF9-6269-4997-94E9-7C8F0EB7BE16}.Release|Any CPU.ActiveCfg = Release|Any CPU
		{45260FF9-6269-4997-94E9-7C8F0EB7BE16}.Release|Any CPU.Build.0 = Release|Any CPU
		{FD7DB26E-27B9-4F23-8DED-654C40CC9580}.Debug|Any CPU.ActiveCfg = Debug|Any CPU
		{FD7DB26E-27B9-4F23-8DED-654C40CC9580}.Debug|Any CPU.Build.0 = Debug|Any CPU
		{FD7DB26E-27B9-4F23-8DED-654C40CC9580}.Release|Any CPU.ActiveCfg = Release|Any CPU
		{FD7DB26E-27B9-4F23-8DED-654C40CC9580}.Release|Any CPU.Build.0 = Release|Any CPU
		{96F5A0E9-EF84-4F03-84E8-55A8D45EA382}.Debug|Any CPU.ActiveCfg = Debug|Any CPU
		{96F5A0E9-EF84-4F03-84E8-55A8D45EA382}.Debug|Any CPU.Build.0 = Debug|Any CPU
		{96F5A0E9-EF84-4F03-84E8-55A8D45EA382}.Release|Any CPU.ActiveCfg = Release|Any CPU
		{96F5A0E9-EF84-4F03-84E8-55A8D45EA382}.Release|Any CPU.Build.0 = Release|Any CPU
		{22F25238-5C25-4991-9AB7-B99CC077C48C}.Debug|Any CPU.ActiveCfg = Debug|Any CPU
		{22F25238-5C25-4991-9AB7-B99CC077C48C}.Debug|Any CPU.Build.0 = Debug|Any CPU
		{22F25238-5C25-4991-9AB7-B99CC077C48C}.Release|Any CPU.ActiveCfg = Release|Any CPU
		{22F25238-5C25-4991-9AB7-B99CC077C48C}.Release|Any CPU.Build.0 = Release|Any CPU
		{2AD7C1CA-7951-4330-9A16-6904E01BF94F}.Debug|Any CPU.ActiveCfg = Debug|Any CPU
		{2AD7C1CA-7951-4330-9A16-6904E01BF94F}.Debug|Any CPU.Build.0 = Debug|Any CPU
		{2AD7C1CA-7951-4330-9A16-6904E01BF94F}.Release|Any CPU.ActiveCfg = Release|Any CPU
		{2AD7C1CA-7951-4330-9A16-6904E01BF94F}.Release|Any CPU.Build.0 = Release|Any CPU
		{ACE169A2-BD9C-4941-AF03-9AD3530CB12B}.Debug|Any CPU.ActiveCfg = Debug|Any CPU
		{ACE169A2-BD9C-4941-AF03-9AD3530CB12B}.Debug|Any CPU.Build.0 = Debug|Any CPU
		{ACE169A2-BD9C-4941-AF03-9AD3530CB12B}.Release|Any CPU.ActiveCfg = Release|Any CPU
		{ACE169A2-BD9C-4941-AF03-9AD3530CB12B}.Release|Any CPU.Build.0 = Release|Any CPU
		{2B55911D-5BC2-462C-88FB-01B06FCB4714}.Debug|Any CPU.ActiveCfg = Debug|Any CPU
		{2B55911D-5BC2-462C-88FB-01B06FCB4714}.Debug|Any CPU.Build.0 = Debug|Any CPU
		{2B55911D-5BC2-462C-88FB-01B06FCB4714}.Release|Any CPU.ActiveCfg = Release|Any CPU
		{2B55911D-5BC2-462C-88FB-01B06FCB4714}.Release|Any CPU.Build.0 = Release|Any CPU
		{00978D02-14DB-40ED-B176-44C182167196}.Debug|Any CPU.ActiveCfg = Debug|Any CPU
		{00978D02-14DB-40ED-B176-44C182167196}.Debug|Any CPU.Build.0 = Debug|Any CPU
		{00978D02-14DB-40ED-B176-44C182167196}.Release|Any CPU.ActiveCfg = Release|Any CPU
		{00978D02-14DB-40ED-B176-44C182167196}.Release|Any CPU.Build.0 = Release|Any CPU
		{4189FA0C-5170-47F2-A29B-329D2D5E153B}.Debug|Any CPU.ActiveCfg = Debug|Any CPU
		{4189FA0C-5170-47F2-A29B-329D2D5E153B}.Debug|Any CPU.Build.0 = Debug|Any CPU
		{4189FA0C-5170-47F2-A29B-329D2D5E153B}.Release|Any CPU.ActiveCfg = Release|Any CPU
		{4189FA0C-5170-47F2-A29B-329D2D5E153B}.Release|Any CPU.Build.0 = Release|Any CPU
		{08DDE327-B907-46D7-952E-4D744A8CCEB4}.Debug|Any CPU.ActiveCfg = Debug|Any CPU
		{08DDE327-B907-46D7-952E-4D744A8CCEB4}.Debug|Any CPU.Build.0 = Debug|Any CPU
		{08DDE327-B907-46D7-952E-4D744A8CCEB4}.Release|Any CPU.ActiveCfg = Release|Any CPU
		{08DDE327-B907-46D7-952E-4D744A8CCEB4}.Release|Any CPU.Build.0 = Release|Any CPU
		{95917BE0-1EE7-4057-BD15-42B809407F27}.Debug|Any CPU.ActiveCfg = Debug|Any CPU
		{95917BE0-1EE7-4057-BD15-42B809407F27}.Debug|Any CPU.Build.0 = Debug|Any CPU
		{95917BE0-1EE7-4057-BD15-42B809407F27}.Release|Any CPU.ActiveCfg = Release|Any CPU
		{95917BE0-1EE7-4057-BD15-42B809407F27}.Release|Any CPU.Build.0 = Release|Any CPU
		{A8119F7F-E39B-42F3-ADD2-546D12BB803C}.Debug|Any CPU.ActiveCfg = Debug|Any CPU
		{A8119F7F-E39B-42F3-ADD2-546D12BB803C}.Debug|Any CPU.Build.0 = Debug|Any CPU
		{A8119F7F-E39B-42F3-ADD2-546D12BB803C}.Release|Any CPU.ActiveCfg = Release|Any CPU
		{A8119F7F-E39B-42F3-ADD2-546D12BB803C}.Release|Any CPU.Build.0 = Release|Any CPU
		{75077B42-7B47-4AEC-92FD-802BB2864E79}.Debug|Any CPU.ActiveCfg = Debug|Any CPU
		{75077B42-7B47-4AEC-92FD-802BB2864E79}.Debug|Any CPU.Build.0 = Debug|Any CPU
		{75077B42-7B47-4AEC-92FD-802BB2864E79}.Release|Any CPU.ActiveCfg = Release|Any CPU
		{75077B42-7B47-4AEC-92FD-802BB2864E79}.Release|Any CPU.Build.0 = Release|Any CPU
		{3B1E9F92-50F4-4E1B-A9BD-FDCC1A594622}.Debug|Any CPU.ActiveCfg = Debug|Any CPU
		{3B1E9F92-50F4-4E1B-A9BD-FDCC1A594622}.Debug|Any CPU.Build.0 = Debug|Any CPU
		{3B1E9F92-50F4-4E1B-A9BD-FDCC1A594622}.Release|Any CPU.ActiveCfg = Release|Any CPU
		{3B1E9F92-50F4-4E1B-A9BD-FDCC1A594622}.Release|Any CPU.Build.0 = Release|Any CPU
		{375375C5-6D89-4CCA-A37E-34157C1C45E2}.Debug|Any CPU.ActiveCfg = Debug|Any CPU
		{375375C5-6D89-4CCA-A37E-34157C1C45E2}.Debug|Any CPU.Build.0 = Debug|Any CPU
		{375375C5-6D89-4CCA-A37E-34157C1C45E2}.Release|Any CPU.ActiveCfg = Release|Any CPU
		{375375C5-6D89-4CCA-A37E-34157C1C45E2}.Release|Any CPU.Build.0 = Release|Any CPU
		{FC9E6AA0-7B5B-4FA1-93E3-9E414F85982E}.Debug|Any CPU.ActiveCfg = Debug|Any CPU
		{FC9E6AA0-7B5B-4FA1-93E3-9E414F85982E}.Debug|Any CPU.Build.0 = Debug|Any CPU
		{FC9E6AA0-7B5B-4FA1-93E3-9E414F85982E}.Release|Any CPU.ActiveCfg = Release|Any CPU
		{FC9E6AA0-7B5B-4FA1-93E3-9E414F85982E}.Release|Any CPU.Build.0 = Release|Any CPU
		{2222569B-2AAD-4EDF-94D4-D5C9095DE8E8}.Debug|Any CPU.ActiveCfg = Debug|Any CPU
		{2222569B-2AAD-4EDF-94D4-D5C9095DE8E8}.Debug|Any CPU.Build.0 = Debug|Any CPU
		{2222569B-2AAD-4EDF-94D4-D5C9095DE8E8}.Release|Any CPU.ActiveCfg = Release|Any CPU
		{2222569B-2AAD-4EDF-94D4-D5C9095DE8E8}.Release|Any CPU.Build.0 = Release|Any CPU
		{06235947-74B9-4991-BEDD-19D5E29C57FA}.Debug|Any CPU.ActiveCfg = Debug|Any CPU
		{06235947-74B9-4991-BEDD-19D5E29C57FA}.Debug|Any CPU.Build.0 = Debug|Any CPU
		{06235947-74B9-4991-BEDD-19D5E29C57FA}.Release|Any CPU.ActiveCfg = Release|Any CPU
		{06235947-74B9-4991-BEDD-19D5E29C57FA}.Release|Any CPU.Build.0 = Release|Any CPU
		{AD666F80-76F2-4237-82C1-105C343D1E42}.Debug|Any CPU.ActiveCfg = Debug|Any CPU
		{AD666F80-76F2-4237-82C1-105C343D1E42}.Debug|Any CPU.Build.0 = Debug|Any CPU
		{AD666F80-76F2-4237-82C1-105C343D1E42}.Release|Any CPU.ActiveCfg = Release|Any CPU
		{AD666F80-76F2-4237-82C1-105C343D1E42}.Release|Any CPU.Build.0 = Release|Any CPU
		{50417D35-8E6A-4D85-A4B0-068CE2FF3180}.Debug|Any CPU.ActiveCfg = Debug|Any CPU
		{50417D35-8E6A-4D85-A4B0-068CE2FF3180}.Debug|Any CPU.Build.0 = Debug|Any CPU
		{50417D35-8E6A-4D85-A4B0-068CE2FF3180}.Release|Any CPU.ActiveCfg = Release|Any CPU
		{50417D35-8E6A-4D85-A4B0-068CE2FF3180}.Release|Any CPU.Build.0 = Release|Any CPU
		{EE58C227-FD91-4244-96A1-481E7869D135}.Debug|Any CPU.ActiveCfg = Debug|Any CPU
		{EE58C227-FD91-4244-96A1-481E7869D135}.Debug|Any CPU.Build.0 = Debug|Any CPU
		{EE58C227-FD91-4244-96A1-481E7869D135}.Release|Any CPU.ActiveCfg = Release|Any CPU
		{EE58C227-FD91-4244-96A1-481E7869D135}.Release|Any CPU.Build.0 = Release|Any CPU
		{6D0D9AF3-BDC0-4688-8DC8-B6CC88F4861F}.Debug|Any CPU.ActiveCfg = Debug|Any CPU
		{6D0D9AF3-BDC0-4688-8DC8-B6CC88F4861F}.Debug|Any CPU.Build.0 = Debug|Any CPU
		{6D0D9AF3-BDC0-4688-8DC8-B6CC88F4861F}.Release|Any CPU.ActiveCfg = Release|Any CPU
		{6D0D9AF3-BDC0-4688-8DC8-B6CC88F4861F}.Release|Any CPU.Build.0 = Release|Any CPU
		{E0EFA14D-6443-4086-ACBB-2B85649566DA}.Debug|Any CPU.ActiveCfg = Debug|Any CPU
		{E0EFA14D-6443-4086-ACBB-2B85649566DA}.Debug|Any CPU.Build.0 = Debug|Any CPU
		{E0EFA14D-6443-4086-ACBB-2B85649566DA}.Release|Any CPU.ActiveCfg = Release|Any CPU
		{E0EFA14D-6443-4086-ACBB-2B85649566DA}.Release|Any CPU.Build.0 = Release|Any CPU
		{FA4B5B8B-37CB-46B1-BC6D-33ECBEAC394C}.Debug|Any CPU.ActiveCfg = Debug|Any CPU
		{FA4B5B8B-37CB-46B1-BC6D-33ECBEAC394C}.Debug|Any CPU.Build.0 = Debug|Any CPU
		{FA4B5B8B-37CB-46B1-BC6D-33ECBEAC394C}.Release|Any CPU.ActiveCfg = Release|Any CPU
		{FA4B5B8B-37CB-46B1-BC6D-33ECBEAC394C}.Release|Any CPU.Build.0 = Release|Any CPU
		{59D61159-F527-4BD5-801F-B46F18A8FA06}.Debug|Any CPU.ActiveCfg = Debug|Any CPU
		{59D61159-F527-4BD5-801F-B46F18A8FA06}.Debug|Any CPU.Build.0 = Debug|Any CPU
		{59D61159-F527-4BD5-801F-B46F18A8FA06}.Release|Any CPU.ActiveCfg = Release|Any CPU
		{59D61159-F527-4BD5-801F-B46F18A8FA06}.Release|Any CPU.Build.0 = Release|Any CPU
		{E90C18C9-15C3-4C66-80A8-AC48375A9415}.Debug|Any CPU.ActiveCfg = Debug|Any CPU
		{E90C18C9-15C3-4C66-80A8-AC48375A9415}.Debug|Any CPU.Build.0 = Debug|Any CPU
		{E90C18C9-15C3-4C66-80A8-AC48375A9415}.Release|Any CPU.ActiveCfg = Release|Any CPU
		{E90C18C9-15C3-4C66-80A8-AC48375A9415}.Release|Any CPU.Build.0 = Release|Any CPU
		{1CA1415E-BF01-4F40-91B3-A041BE681ECB}.Debug|Any CPU.ActiveCfg = Debug|Any CPU
		{1CA1415E-BF01-4F40-91B3-A041BE681ECB}.Debug|Any CPU.Build.0 = Debug|Any CPU
		{1CA1415E-BF01-4F40-91B3-A041BE681ECB}.Release|Any CPU.ActiveCfg = Release|Any CPU
		{1CA1415E-BF01-4F40-91B3-A041BE681ECB}.Release|Any CPU.Build.0 = Release|Any CPU
	EndGlobalSection
	GlobalSection(SolutionProperties) = preSolution
		HideSolutionNode = FALSE
	EndGlobalSection
	GlobalSection(ExtensibilityGlobals) = postSolution
		SolutionGuid = {2DD21FEA-CB09-4157-8359-0FF6FCD65DAA}
	EndGlobalSection
EndGlobal
